
Microsoft Visual Studio Solution File, Format Version 12.00
# Visual Studio Version 17
VisualStudioVersion = 17.9.34723.18
MinimumVisualStudioVersion = 10.0.40219.1
Project("{9A19103F-16F7-4668-BE54-9A1E7A4F7556}") = "Amazon.Library", "Amazon.Library\Amazon.Library.csproj", "{D44B19A1-E614-469A-B8E4-9E70F41ED9BC}"
EndProject
Project("{9A19103F-16F7-4668-BE54-9A1E7A4F7556}") = "eCommerce.MAUI", "eCommerce.MAUI\eCommerce.MAUI.csproj", "{8D263489-DADF-4BF5-9280-17700E4398A7}"
EndProject
Global
	GlobalSection(SolutionConfigurationPlatforms) = preSolution
		Debug|Any CPU = Debug|Any CPU
		Release|Any CPU = Release|Any CPU
	EndGlobalSection
	GlobalSection(ProjectConfigurationPlatforms) = postSolution
		{D44B19A1-E614-469A-B8E4-9E70F41ED9BC}.Debug|Any CPU.ActiveCfg = Debug|Any CPU
		{D44B19A1-E614-469A-B8E4-9E70F41ED9BC}.Debug|Any CPU.Build.0 = Debug|Any CPU
		{D44B19A1-E614-469A-B8E4-9E70F41ED9BC}.Release|Any CPU.ActiveCfg = Release|Any CPU
		{D44B19A1-E614-469A-B8E4-9E70F41ED9BC}.Release|Any CPU.Build.0 = Release|Any CPU
		{8D263489-DADF-4BF5-9280-17700E4398A7}.Debug|Any CPU.ActiveCfg = Debug|Any CPU
		{8D263489-DADF-4BF5-9280-17700E4398A7}.Debug|Any CPU.Build.0 = Debug|Any CPU
		{8D263489-DADF-4BF5-9280-17700E4398A7}.Debug|Any CPU.Deploy.0 = Debug|Any CPU
		{8D263489-DADF-4BF5-9280-17700E4398A7}.Release|Any CPU.ActiveCfg = Release|Any CPU
		{8D263489-DADF-4BF5-9280-17700E4398A7}.Release|Any CPU.Build.0 = Release|Any CPU
		{8D263489-DADF-4BF5-9280-17700E4398A7}.Release|Any CPU.Deploy.0 = Release|Any CPU
	EndGlobalSection
	GlobalSection(SolutionProperties) = preSolution
		HideSolutionNode = FALSE
	EndGlobalSection
	GlobalSection(ExtensibilityGlobals) = postSolution
		SolutionGuid = {897F9F37-F30E-4BB4-BE6F-3812D6CFF163}
	EndGlobalSection
EndGlobal
